
Microsoft Visual Studio Solution File, Format Version 12.00
# Visual Studio Version 16
VisualStudioVersion = 16.0.30523.141
MinimumVisualStudioVersion = 10.0.40219.1
Project("{9A19103F-16F7-4668-BE54-9A1E7A4F7556}") = "DataAccess", "DataAccess\DataAccess.csproj", "{90E62E38-C327-414E-91B0-BC6FDBD12AFB}"
EndProject
Project("{9A19103F-16F7-4668-BE54-9A1E7A4F7556}") = "Business", "Business\Business.csproj", "{4B8B1EA1-8156-46A6-BF6C-843A2F430898}"
EndProject
Project("{9A19103F-16F7-4668-BE54-9A1E7A4F7556}") = "Entities", "Entities\Entities.csproj", "{433C93EA-9242-4593-B911-0320B51F1868}"
EndProject
Project("{9A19103F-16F7-4668-BE54-9A1E7A4F7556}") = "ConsoleUI", "ConsoleUI\ConsoleUI.csproj", "{52273E4B-3C36-45DD-9873-BB5C8A488653}"
EndProject
Project("{FAE04EC0-301F-11D3-BF4B-00C04F79EFBC}") = "Core", "Core\Core.csproj", "{51200E46-0C9C-4A96-82C9-2B0895A14E59}"
EndProject
Global
	GlobalSection(SolutionConfigurationPlatforms) = preSolution
		Debug|Any CPU = Debug|Any CPU
		Release|Any CPU = Release|Any CPU
	EndGlobalSection
	GlobalSection(ProjectConfigurationPlatforms) = postSolution
		{90E62E38-C327-414E-91B0-BC6FDBD12AFB}.Debug|Any CPU.ActiveCfg = Debug|Any CPU
		{90E62E38-C327-414E-91B0-BC6FDBD12AFB}.Debug|Any CPU.Build.0 = Debug|Any CPU
		{90E62E38-C327-414E-91B0-BC6FDBD12AFB}.Release|Any CPU.ActiveCfg = Release|Any CPU
		{90E62E38-C327-414E-91B0-BC6FDBD12AFB}.Release|Any CPU.Build.0 = Release|Any CPU
		{4B8B1EA1-8156-46A6-BF6C-843A2F430898}.Debug|Any CPU.ActiveCfg = Debug|Any CPU
		{4B8B1EA1-8156-46A6-BF6C-843A2F430898}.Debug|Any CPU.Build.0 = Debug|Any CPU
		{4B8B1EA1-8156-46A6-BF6C-843A2F430898}.Release|Any CPU.ActiveCfg = Release|Any CPU
		{4B8B1EA1-8156-46A6-BF6C-843A2F430898}.Release|Any CPU.Build.0 = Release|Any CPU
		{433C93EA-9242-4593-B911-0320B51F1868}.Debug|Any CPU.ActiveCfg = Debug|Any CPU
		{433C93EA-9242-4593-B911-0320B51F1868}.Debug|Any CPU.Build.0 = Debug|Any CPU
		{433C93EA-9242-4593-B911-0320B51F1868}.Release|Any CPU.ActiveCfg = Release|Any CPU
		{433C93EA-9242-4593-B911-0320B51F1868}.Release|Any CPU.Build.0 = Release|Any CPU
		{52273E4B-3C36-45DD-9873-BB5C8A488653}.Debug|Any CPU.ActiveCfg = Debug|Any CPU
		{52273E4B-3C36-45DD-9873-BB5C8A488653}.Debug|Any CPU.Build.0 = Debug|Any CPU
		{52273E4B-3C36-45DD-9873-BB5C8A488653}.Release|Any CPU.ActiveCfg = Release|Any CPU
		{52273E4B-3C36-45DD-9873-BB5C8A488653}.Release|Any CPU.Build.0 = Release|Any CPU
		{51200E46-0C9C-4A96-82C9-2B0895A14E59}.Debug|Any CPU.ActiveCfg = Debug|Any CPU
		{51200E46-0C9C-4A96-82C9-2B0895A14E59}.Debug|Any CPU.Build.0 = Debug|Any CPU
		{51200E46-0C9C-4A96-82C9-2B0895A14E59}.Release|Any CPU.ActiveCfg = Release|Any CPU
		{51200E46-0C9C-4A96-82C9-2B0895A14E59}.Release|Any CPU.Build.0 = Release|Any CPU
	EndGlobalSection
	GlobalSection(SolutionProperties) = preSolution
		HideSolutionNode = FALSE
	EndGlobalSection
	GlobalSection(ExtensibilityGlobals) = postSolution
		SolutionGuid = {833A6E91-E931-4E64-B014-7BA53D0C8C4A}
	EndGlobalSection
EndGlobal
